
Microsoft Visual Studio Solution File, Format Version 12.00
# Visual Studio Version 17
VisualStudioVersion = 17.8.34525.116
MinimumVisualStudioVersion = 10.0.40219.1
Project("{9A19103F-16F7-4668-BE54-9A1E7A4F7556}") = "Sem3_Alaba1", "Sem3_Alaba1\Sem3_Alaba1.csproj", "{C291C1ED-BBE7-4A38-A4CE-40BF162B6668}"
EndProject
Global
	GlobalSection(SolutionConfigurationPlatforms) = preSolution
		Debug|Any CPU = Debug|Any CPU
		Release|Any CPU = Release|Any CPU
	EndGlobalSection
	GlobalSection(ProjectConfigurationPlatforms) = postSolution
		{C291C1ED-BBE7-4A38-A4CE-40BF162B6668}.Debug|Any CPU.ActiveCfg = Debug|Any CPU
		{C291C1ED-BBE7-4A38-A4CE-40BF162B6668}.Debug|Any CPU.Build.0 = Debug|Any CPU
		{C291C1ED-BBE7-4A38-A4CE-40BF162B6668}.Release|Any CPU.ActiveCfg = Release|Any CPU
		{C291C1ED-BBE7-4A38-A4CE-40BF162B6668}.Release|Any CPU.Build.0 = Release|Any CPU
	EndGlobalSection
	GlobalSection(SolutionProperties) = preSolution
		HideSolutionNode = FALSE
	EndGlobalSection
	GlobalSection(ExtensibilityGlobals) = postSolution
		SolutionGuid = {32990F6C-3344-479A-8F65-F5E828445AF6}
	EndGlobalSection
EndGlobal
